// !$*UTF8*$!
{
	archiveVersion = 1;
	classes = {
	};
	objectVersion = 55;
	objects = {

/* Begin PBXBuildFile section */
		E32968A7A4B4BCCB5A5AB830 /* Pods_Instagram.framework in Frameworks */ = {isa = PBXBuildFile; fileRef = BFD2D1BBAAFC69E16D898B81 /* Pods_Instagram.framework */; };
		E32C5DB729039D3900A4F449 /* CommentCell.swift in Sources */ = {isa = PBXBuildFile; fileRef = E32C5DB629039D3900A4F449 /* CommentCell.swift */; };
		E3DD127128FA67B800BFC595 /* AppDelegate.swift in Sources */ = {isa = PBXBuildFile; fileRef = E3DD127028FA67B800BFC595 /* AppDelegate.swift */; };
		E3DD127328FA67B800BFC595 /* SceneDelegate.swift in Sources */ = {isa = PBXBuildFile; fileRef = E3DD127228FA67B800BFC595 /* SceneDelegate.swift */; };
		E3DD127828FA67B800BFC595 /* Main.storyboard in Resources */ = {isa = PBXBuildFile; fileRef = E3DD127628FA67B800BFC595 /* Main.storyboard */; };
		E3DD127A28FA67C400BFC595 /* Assets.xcassets in Resources */ = {isa = PBXBuildFile; fileRef = E3DD127928FA67C400BFC595 /* Assets.xcassets */; };
		E3DD127D28FA67C400BFC595 /* LaunchScreen.storyboard in Resources */ = {isa = PBXBuildFile; fileRef = E3DD127B28FA67C400BFC595 /* LaunchScreen.storyboard */; };
		E3DD128828FA67C500BFC595 /* InstagramTests.swift in Sources */ = {isa = PBXBuildFile; fileRef = E3DD128728FA67C500BFC595 /* InstagramTests.swift */; };
		E3DD129228FA67C500BFC595 /* InstagramUITests.swift in Sources */ = {isa = PBXBuildFile; fileRef = E3DD129128FA67C500BFC595 /* InstagramUITests.swift */; };
		E3DD129428FA67C500BFC595 /* InstagramUITestsLaunchTests.swift in Sources */ = {isa = PBXBuildFile; fileRef = E3DD129328FA67C500BFC595 /* InstagramUITestsLaunchTests.swift */; };
		E3DD12A128FA820300BFC595 /* LoginViewController.swift in Sources */ = {isa = PBXBuildFile; fileRef = E3DD12A028FA820300BFC595 /* LoginViewController.swift */; };
		E3DD12A328FA828900BFC595 /* FeedViewController.swift in Sources */ = {isa = PBXBuildFile; fileRef = E3DD12A228FA828900BFC595 /* FeedViewController.swift */; };
		E3DD12A528FAA1B200BFC595 /* CameraViewController.swift in Sources */ = {isa = PBXBuildFile; fileRef = E3DD12A428FAA1B200BFC595 /* CameraViewController.swift */; };
		E3DD12A728FAB5C000BFC595 /* PostCell.swift in Sources */ = {isa = PBXBuildFile; fileRef = E3DD12A628FAB5C000BFC595 /* PostCell.swift */; };
/* End PBXBuildFile section */

/* Begin PBXContainerItemProxy section */
		E3DD128428FA67C500BFC595 /* PBXContainerItemProxy */ = {
			isa = PBXContainerItemProxy;
			containerPortal = E3DD126528FA67B800BFC595 /* Project object */;
			proxyType = 1;
			remoteGlobalIDString = E3DD126C28FA67B800BFC595;
			remoteInfo = Instagram;
		};
		E3DD128E28FA67C500BFC595 /* PBXContainerItemProxy */ = {
			isa = PBXContainerItemProxy;
			containerPortal = E3DD126528FA67B800BFC595 /* Project object */;
			proxyType = 1;
			remoteGlobalIDString = E3DD126C28FA67B800BFC595;
			remoteInfo = Instagram;
		};
/* End PBXContainerItemProxy section */

/* Begin PBXFileReference section */
		397FAE92FDAE99D2518F58ED /* Pods-Instagram.release.xcconfig */ = {isa = PBXFileReference; includeInIndex = 1; lastKnownFileType = text.xcconfig; name = "Pods-Instagram.release.xcconfig"; path = "Target Support Files/Pods-Instagram/Pods-Instagram.release.xcconfig"; sourceTree = "<group>"; };
		494624BE7741180DACF6F142 /* Pods-Instagram.debug.xcconfig */ = {isa = PBXFileReference; includeInIndex = 1; lastKnownFileType = text.xcconfig; name = "Pods-Instagram.debug.xcconfig"; path = "Target Support Files/Pods-Instagram/Pods-Instagram.debug.xcconfig"; sourceTree = "<group>"; };
		BFD2D1BBAAFC69E16D898B81 /* Pods_Instagram.framework */ = {isa = PBXFileReference; explicitFileType = wrapper.framework; includeInIndex = 0; path = Pods_Instagram.framework; sourceTree = BUILT_PRODUCTS_DIR; };
		E32C5DB629039D3900A4F449 /* CommentCell.swift */ = {isa = PBXFileReference; lastKnownFileType = sourcecode.swift; path = CommentCell.swift; sourceTree = "<group>"; };
		E3DD126D28FA67B800BFC595 /* Instagram.app */ = {isa = PBXFileReference; explicitFileType = wrapper.application; includeInIndex = 0; path = Instagram.app; sourceTree = BUILT_PRODUCTS_DIR; };
		E3DD127028FA67B800BFC595 /* AppDelegate.swift */ = {isa = PBXFileReference; lastKnownFileType = sourcecode.swift; path = AppDelegate.swift; sourceTree = "<group>"; };
		E3DD127228FA67B800BFC595 /* SceneDelegate.swift */ = {isa = PBXFileReference; lastKnownFileType = sourcecode.swift; path = SceneDelegate.swift; sourceTree = "<group>"; };
		E3DD127728FA67B800BFC595 /* Base */ = {isa = PBXFileReference; lastKnownFileType = file.storyboard; name = Base; path = Base.lproj/Main.storyboard; sourceTree = "<group>"; };
		E3DD127928FA67C400BFC595 /* Assets.xcassets */ = {isa = PBXFileReference; lastKnownFileType = folder.assetcatalog; path = Assets.xcassets; sourceTree = "<group>"; };
		E3DD127C28FA67C400BFC595 /* Base */ = {isa = PBXFileReference; lastKnownFileType = file.storyboard; name = Base; path = Base.lproj/LaunchScreen.storyboard; sourceTree = "<group>"; };
		E3DD127E28FA67C400BFC595 /* Info.plist */ = {isa = PBXFileReference; lastKnownFileType = text.plist.xml; path = Info.plist; sourceTree = "<group>"; };
		E3DD128328FA67C500BFC595 /* InstagramTests.xctest */ = {isa = PBXFileReference; explicitFileType = wrapper.cfbundle; includeInIndex = 0; path = InstagramTests.xctest; sourceTree = BUILT_PRODUCTS_DIR; };
		E3DD128728FA67C500BFC595 /* InstagramTests.swift */ = {isa = PBXFileReference; lastKnownFileType = sourcecode.swift; path = InstagramTests.swift; sourceTree = "<group>"; };
		E3DD128D28FA67C500BFC595 /* InstagramUITests.xctest */ = {isa = PBXFileReference; explicitFileType = wrapper.cfbundle; includeInIndex = 0; path = InstagramUITests.xctest; sourceTree = BUILT_PRODUCTS_DIR; };
		E3DD129128FA67C500BFC595 /* InstagramUITests.swift */ = {isa = PBXFileReference; lastKnownFileType = sourcecode.swift; path = InstagramUITests.swift; sourceTree = "<group>"; };
		E3DD129328FA67C500BFC595 /* InstagramUITestsLaunchTests.swift */ = {isa = PBXFileReference; lastKnownFileType = sourcecode.swift; path = InstagramUITestsLaunchTests.swift; sourceTree = "<group>"; };
		E3DD12A028FA820300BFC595 /* LoginViewController.swift */ = {isa = PBXFileReference; lastKnownFileType = sourcecode.swift; path = LoginViewController.swift; sourceTree = "<group>"; };
		E3DD12A228FA828900BFC595 /* FeedViewController.swift */ = {isa = PBXFileReference; lastKnownFileType = sourcecode.swift; path = FeedViewController.swift; sourceTree = "<group>"; };
		E3DD12A428FAA1B200BFC595 /* CameraViewController.swift */ = {isa = PBXFileReference; lastKnownFileType = sourcecode.swift; path = CameraViewController.swift; sourceTree = "<group>"; };
		E3DD12A628FAB5C000BFC595 /* PostCell.swift */ = {isa = PBXFileReference; lastKnownFileType = sourcecode.swift; path = PostCell.swift; sourceTree = "<group>"; };
/* End PBXFileReference section */

/* Begin PBXFrameworksBuildPhase section */
		E3DD126A28FA67B800BFC595 /* Frameworks */ = {
			isa = PBXFrameworksBuildPhase;
			buildActionMask = 2147483647;
			files = (
				E32968A7A4B4BCCB5A5AB830 /* Pods_Instagram.framework in Frameworks */,
			);
			runOnlyForDeploymentPostprocessing = 0;
		};
		E3DD128028FA67C500BFC595 /* Frameworks */ = {
			isa = PBXFrameworksBuildPhase;
			buildActionMask = 2147483647;
			files = (
			);
			runOnlyForDeploymentPostprocessing = 0;
		};
		E3DD128A28FA67C500BFC595 /* Frameworks */ = {
			isa = PBXFrameworksBuildPhase;
			buildActionMask = 2147483647;
			files = (
			);
			runOnlyForDeploymentPostprocessing = 0;
		};
/* End PBXFrameworksBuildPhase section */

/* Begin PBXGroup section */
		7BA2E99B773958826AFC6E11 /* Pods */ = {
			isa = PBXGroup;
			children = (
				494624BE7741180DACF6F142 /* Pods-Instagram.debug.xcconfig */,
				397FAE92FDAE99D2518F58ED /* Pods-Instagram.release.xcconfig */,
			);
			path = Pods;
			sourceTree = "<group>";
		};
		AC5970ADEEC8E05DA818DD7D /* Frameworks */ = {
			isa = PBXGroup;
			children = (
				BFD2D1BBAAFC69E16D898B81 /* Pods_Instagram.framework */,
			);
			name = Frameworks;
			sourceTree = "<group>";
		};
		E3DD126428FA67B800BFC595 = {
			isa = PBXGroup;
			children = (
				E3DD126F28FA67B800BFC595 /* Instagram */,
				E3DD128628FA67C500BFC595 /* InstagramTests */,
				E3DD129028FA67C500BFC595 /* InstagramUITests */,
				E3DD126E28FA67B800BFC595 /* Products */,
				7BA2E99B773958826AFC6E11 /* Pods */,
				AC5970ADEEC8E05DA818DD7D /* Frameworks */,
			);
			sourceTree = "<group>";
		};
		E3DD126E28FA67B800BFC595 /* Products */ = {
			isa = PBXGroup;
			children = (
				E3DD126D28FA67B800BFC595 /* Instagram.app */,
				E3DD128328FA67C500BFC595 /* InstagramTests.xctest */,
				E3DD128D28FA67C500BFC595 /* InstagramUITests.xctest */,
			);
			name = Products;
			sourceTree = "<group>";
		};
		E3DD126F28FA67B800BFC595 /* Instagram */ = {
			isa = PBXGroup;
			children = (
				E3DD127028FA67B800BFC595 /* AppDelegate.swift */,
				E3DD127228FA67B800BFC595 /* SceneDelegate.swift */,
				E3DD127628FA67B800BFC595 /* Main.storyboard */,
				E3DD127928FA67C400BFC595 /* Assets.xcassets */,
				E3DD127B28FA67C400BFC595 /* LaunchScreen.storyboard */,
				E3DD127E28FA67C400BFC595 /* Info.plist */,
				E3DD12A028FA820300BFC595 /* LoginViewController.swift */,
				E3DD12A228FA828900BFC595 /* FeedViewController.swift */,
				E3DD12A428FAA1B200BFC595 /* CameraViewController.swift */,
				E3DD12A628FAB5C000BFC595 /* PostCell.swift */,
				E32C5DB629039D3900A4F449 /* CommentCell.swift */,
			);
			path = Instagram;
			sourceTree = "<group>";
		};
		E3DD128628FA67C500BFC595 /* InstagramTests */ = {
			isa = PBXGroup;
			children = (
				E3DD128728FA67C500BFC595 /* InstagramTests.swift */,
			);
			path = InstagramTests;
			sourceTree = "<group>";
		};
		E3DD129028FA67C500BFC595 /* InstagramUITests */ = {
			isa = PBXGroup;
			children = (
				E3DD129128FA67C500BFC595 /* InstagramUITests.swift */,
				E3DD129328FA67C500BFC595 /* InstagramUITestsLaunchTests.swift */,
			);
			path = InstagramUITests;
			sourceTree = "<group>";
		};
/* End PBXGroup section */

/* Begin PBXNativeTarget section */
		E3DD126C28FA67B800BFC595 /* Instagram */ = {
			isa = PBXNativeTarget;
			buildConfigurationList = E3DD129728FA67C500BFC595 /* Build configuration list for PBXNativeTarget "Instagram" */;
			buildPhases = (
				417D3D2A3C264354704A843B /* [CP] Check Pods Manifest.lock */,
				E3DD126928FA67B800BFC595 /* Sources */,
				E3DD126A28FA67B800BFC595 /* Frameworks */,
				E3DD126B28FA67B800BFC595 /* Resources */,
				9161E6ECC44A6344026D6071 /* [CP] Embed Pods Frameworks */,
			);
			buildRules = (
			);
			dependencies = (
			);
			name = Instagram;
			productName = Instagram;
			productReference = E3DD126D28FA67B800BFC595 /* Instagram.app */;
			productType = "com.apple.product-type.application";
		};
		E3DD128228FA67C500BFC595 /* InstagramTests */ = {
			isa = PBXNativeTarget;
			buildConfigurationList = E3DD129A28FA67C500BFC595 /* Build configuration list for PBXNativeTarget "InstagramTests" */;
			buildPhases = (
				E3DD127F28FA67C500BFC595 /* Sources */,
				E3DD128028FA67C500BFC595 /* Frameworks */,
				E3DD128128FA67C500BFC595 /* Resources */,
			);
			buildRules = (
			);
			dependencies = (
				E3DD128528FA67C500BFC595 /* PBXTargetDependency */,
			);
			name = InstagramTests;
			productName = InstagramTests;
			productReference = E3DD128328FA67C500BFC595 /* InstagramTests.xctest */;
			productType = "com.apple.product-type.bundle.unit-test";
		};
		E3DD128C28FA67C500BFC595 /* InstagramUITests */ = {
			isa = PBXNativeTarget;
			buildConfigurationList = E3DD129D28FA67C500BFC595 /* Build configuration list for PBXNativeTarget "InstagramUITests" */;
			buildPhases = (
				E3DD128928FA67C500BFC595 /* Sources */,
				E3DD128A28FA67C500BFC595 /* Frameworks */,
				E3DD128B28FA67C500BFC595 /* Resources */,
			);
			buildRules = (
			);
			dependencies = (
				E3DD128F28FA67C500BFC595 /* PBXTargetDependency */,
			);
			name = InstagramUITests;
			productName = InstagramUITests;
			productReference = E3DD128D28FA67C500BFC595 /* InstagramUITests.xctest */;
			productType = "com.apple.product-type.bundle.ui-testing";
		};
/* End PBXNativeTarget section */

/* Begin PBXProject section */
		E3DD126528FA67B800BFC595 /* Project object */ = {
			isa = PBXProject;
			attributes = {
				BuildIndependentTargetsInParallel = 1;
				LastSwiftUpdateCheck = 1340;
				LastUpgradeCheck = 1340;
				TargetAttributes = {
					E3DD126C28FA67B800BFC595 = {
						CreatedOnToolsVersion = 13.4.1;
					};
					E3DD128228FA67C500BFC595 = {
						CreatedOnToolsVersion = 13.4.1;
						TestTargetID = E3DD126C28FA67B800BFC595;
					};
					E3DD128C28FA67C500BFC595 = {
						CreatedOnToolsVersion = 13.4.1;
						TestTargetID = E3DD126C28FA67B800BFC595;
					};
				};
			};
			buildConfigurationList = E3DD126828FA67B800BFC595 /* Build configuration list for PBXProject "Instagram" */;
			compatibilityVersion = "Xcode 13.0";
			developmentRegion = en;
			hasScannedForEncodings = 0;
			knownRegions = (
				en,
				Base,
			);
			mainGroup = E3DD126428FA67B800BFC595;
			productRefGroup = E3DD126E28FA67B800BFC595 /* Products */;
			projectDirPath = "";
			projectRoot = "";
			targets = (
				E3DD126C28FA67B800BFC595 /* Instagram */,
				E3DD128228FA67C500BFC595 /* InstagramTests */,
				E3DD128C28FA67C500BFC595 /* InstagramUITests */,
			);
		};
/* End PBXProject section */

/* Begin PBXResourcesBuildPhase section */
		E3DD126B28FA67B800BFC595 /* Resources */ = {
			isa = PBXResourcesBuildPhase;
			buildActionMask = 2147483647;
			files = (
				E3DD127D28FA67C400BFC595 /* LaunchScreen.storyboard in Resources */,
				E3DD127A28FA67C400BFC595 /* Assets.xcassets in Resources */,
				E3DD127828FA67B800BFC595 /* Main.storyboard in Resources */,
			);
			runOnlyForDeploymentPostprocessing = 0;
		};
		E3DD128128FA67C500BFC595 /* Resources */ = {
			isa = PBXResourcesBuildPhase;
			buildActionMask = 2147483647;
			files = (
			);
			runOnlyForDeploymentPostprocessing = 0;
		};
		E3DD128B28FA67C500BFC595 /* Resources */ = {
			isa = PBXResourcesBuildPhase;
			buildActionMask = 2147483647;
			files = (
			);
			runOnlyForDeploymentPostprocessing = 0;
		};
/* End PBXResourcesBuildPhase section */

/* Begin PBXShellScriptBuildPhase section */
		417D3D2A3C264354704A843B /* [CP] Check Pods Manifest.lock */ = {
			isa = PBXShellScriptBuildPhase;
			buildActionMask = 2147483647;
			files = (
			);
			inputFileListPaths = (
			);
			inputPaths = (
				"${PODS_PODFILE_DIR_PATH}/Podfile.lock",
				"${PODS_ROOT}/Manifest.lock",
			);
			name = "[CP] Check Pods Manifest.lock";
			outputFileListPaths = (
			);
			outputPaths = (
				"$(DERIVED_FILE_DIR)/Pods-Instagram-checkManifestLockResult.txt",
			);
			runOnlyForDeploymentPostprocessing = 0;
			shellPath = /bin/sh;
			shellScript = "diff \"${PODS_PODFILE_DIR_PATH}/Podfile.lock\" \"${PODS_ROOT}/Manifest.lock\" > /dev/null\nif [ $? != 0 ] ; then\n    # print error to STDERR\n    echo \"error: The sandbox is not in sync with the Podfile.lock. Run 'pod install' or update your CocoaPods installation.\" >&2\n    exit 1\nfi\n# This output is used by Xcode 'outputs' to avoid re-running this script phase.\necho \"SUCCESS\" > \"${SCRIPT_OUTPUT_FILE_0}\"\n";
			showEnvVarsInLog = 0;
		};
		9161E6ECC44A6344026D6071 /* [CP] Embed Pods Frameworks */ = {
			isa = PBXShellScriptBuildPhase;
			buildActionMask = 2147483647;
			files = (
			);
			inputFileListPaths = (
				"${PODS_ROOT}/Target Support Files/Pods-Instagram/Pods-Instagram-frameworks-${CONFIGURATION}-input-files.xcfilelist",
			);
			name = "[CP] Embed Pods Frameworks";
			outputFileListPaths = (
				"${PODS_ROOT}/Target Support Files/Pods-Instagram/Pods-Instagram-frameworks-${CONFIGURATION}-output-files.xcfilelist",
			);
			runOnlyForDeploymentPostprocessing = 0;
			shellPath = /bin/sh;
			shellScript = "\"${PODS_ROOT}/Target Support Files/Pods-Instagram/Pods-Instagram-frameworks.sh\"\n";
			showEnvVarsInLog = 0;
		};
/* End PBXShellScriptBuildPhase section */

/* Begin PBXSourcesBuildPhase section */
		E3DD126928FA67B800BFC595 /* Sources */ = {
			isa = PBXSourcesBuildPhase;
			buildActionMask = 2147483647;
			files = (
				E3DD12A128FA820300BFC595 /* LoginViewController.swift in Sources */,
				E3DD12A528FAA1B200BFC595 /* CameraViewController.swift in Sources */,
				E3DD127128FA67B800BFC595 /* AppDelegate.swift in Sources */,
				E3DD12A328FA828900BFC595 /* FeedViewController.swift in Sources */,
				E3DD127328FA67B800BFC595 /* SceneDelegate.swift in Sources */,
				E3DD12A728FAB5C000BFC595 /* PostCell.swift in Sources */,
				E32C5DB729039D3900A4F449 /* CommentCell.swift in Sources */,
			);
			runOnlyForDeploymentPostprocessing = 0;
		};
		E3DD127F28FA67C500BFC595 /* Sources */ = {
			isa = PBXSourcesBuildPhase;
			buildActionMask = 2147483647;
			files = (
				E3DD128828FA67C500BFC595 /* InstagramTests.swift in Sources */,
			);
			runOnlyForDeploymentPostprocessing = 0;
		};
		E3DD128928FA67C500BFC595 /* Sources */ = {
			isa = PBXSourcesBuildPhase;
			buildActionMask = 2147483647;
			files = (
				E3DD129228FA67C500BFC595 /* InstagramUITests.swift in Sources */,
				E3DD129428FA67C500BFC595 /* InstagramUITestsLaunchTests.swift in Sources */,
			);
			runOnlyForDeploymentPostprocessing = 0;
		};
/* End PBXSourcesBuildPhase section */

/* Begin PBXTargetDependency section */
		E3DD128528FA67C500BFC595 /* PBXTargetDependency */ = {
			isa = PBXTargetDependency;
			target = E3DD126C28FA67B800BFC595 /* Instagram */;
			targetProxy = E3DD128428FA67C500BFC595 /* PBXContainerItemProxy */;
		};
		E3DD128F28FA67C500BFC595 /* PBXTargetDependency */ = {
			isa = PBXTargetDependency;
			target = E3DD126C28FA67B800BFC595 /* Instagram */;
			targetProxy = E3DD128E28FA67C500BFC595 /* PBXContainerItemProxy */;
		};
/* End PBXTargetDependency section */

/* Begin PBXVariantGroup section */
		E3DD127628FA67B800BFC595 /* Main.storyboard */ = {
			isa = PBXVariantGroup;
			children = (
				E3DD127728FA67B800BFC595 /* Base */,
			);
			name = Main.storyboard;
			sourceTree = "<group>";
		};
		E3DD127B28FA67C400BFC595 /* LaunchScreen.storyboard */ = {
			isa = PBXVariantGroup;
			children = (
				E3DD127C28FA67C400BFC595 /* Base */,
			);
			name = LaunchScreen.storyboard;
			sourceTree = "<group>";
		};
/* End PBXVariantGroup section */

/* Begin XCBuildConfiguration section */
		E3DD129528FA67C500BFC595 /* Debug */ = {
			isa = XCBuildConfiguration;
			buildSettings = {
				ALWAYS_SEARCH_USER_PATHS = NO;
				CLANG_ANALYZER_NONNULL = YES;
				CLANG_ANALYZER_NUMBER_OBJECT_CONVERSION = YES_AGGRESSIVE;
				CLANG_CXX_LANGUAGE_STANDARD = "gnu++17";
				CLANG_ENABLE_MODULES = YES;
				CLANG_ENABLE_OBJC_ARC = YES;
				CLANG_ENABLE_OBJC_WEAK = YES;
				CLANG_WARN_BLOCK_CAPTURE_AUTORELEASING = YES;
				CLANG_WARN_BOOL_CONVERSION = YES;
				CLANG_WARN_COMMA = YES;
				CLANG_WARN_CONSTANT_CONVERSION = YES;
				CLANG_WARN_DEPRECATED_OBJC_IMPLEMENTATIONS = YES;
				CLANG_WARN_DIRECT_OBJC_ISA_USAGE = YES_ERROR;
				CLANG_WARN_DOCUMENTATION_COMMENTS = YES;
				CLANG_WARN_EMPTY_BODY = YES;
				CLANG_WARN_ENUM_CONVERSION = YES;
				CLANG_WARN_INFINITE_RECURSION = YES;
				CLANG_WARN_INT_CONVERSION = YES;
				CLANG_WARN_NON_LITERAL_NULL_CONVERSION = YES;
				CLANG_WARN_OBJC_IMPLICIT_RETAIN_SELF = YES;
				CLANG_WARN_OBJC_LITERAL_CONVERSION = YES;
				CLANG_WARN_OBJC_ROOT_CLASS = YES_ERROR;
				CLANG_WARN_QUOTED_INCLUDE_IN_FRAMEWORK_HEADER = YES;
				CLANG_WARN_RANGE_LOOP_ANALYSIS = YES;
				CLANG_WARN_STRICT_PROTOTYPES = YES;
				CLANG_WARN_SUSPICIOUS_MOVE = YES;
				CLANG_WARN_UNGUARDED_AVAILABILITY = YES_AGGRESSIVE;
				CLANG_WARN_UNREACHABLE_CODE = YES;
				CLANG_WARN__DUPLICATE_METHOD_MATCH = YES;
				COPY_PHASE_STRIP = NO;
				DEBUG_INFORMATION_FORMAT = dwarf;
				ENABLE_STRICT_OBJC_MSGSEND = YES;
				ENABLE_TESTABILITY = YES;
				GCC_C_LANGUAGE_STANDARD = gnu11;
				GCC_DYNAMIC_NO_PIC = NO;
				GCC_NO_COMMON_BLOCKS = YES;
				GCC_OPTIMIZATION_LEVEL = 0;
				GCC_PREPROCESSOR_DEFINITIONS = (
					"DEBUG=1",
					"$(inherited)",
				);
				GCC_WARN_64_TO_32_BIT_CONVERSION = YES;
				GCC_WARN_ABOUT_RETURN_TYPE = YES_ERROR;
				GCC_WARN_UNDECLARED_SELECTOR = YES;
				GCC_WARN_UNINITIALIZED_AUTOS = YES_AGGRESSIVE;
				GCC_WARN_UNUSED_FUNCTION = YES;
				GCC_WARN_UNUSED_VARIABLE = YES;
				IPHONEOS_DEPLOYMENT_TARGET = 15.5;
				MTL_ENABLE_DEBUG_INFO = INCLUDE_SOURCE;
				MTL_FAST_MATH = YES;
				ONLY_ACTIVE_ARCH = YES;
				SDKROOT = iphoneos;
				SWIFT_ACTIVE_COMPILATION_CONDITIONS = DEBUG;
				SWIFT_OPTIMIZATION_LEVEL = "-Onone";
			};
			name = Debug;
		};
		E3DD129628FA67C500BFC595 /* Release */ = {
			isa = XCBuildConfiguration;
			buildSettings = {
				ALWAYS_SEARCH_USER_PATHS = NO;
				CLANG_ANALYZER_NONNULL = YES;
				CLANG_ANALYZER_NUMBER_OBJECT_CONVERSION = YES_AGGRESSIVE;
				CLANG_CXX_LANGUAGE_STANDARD = "gnu++17";
				CLANG_ENABLE_MODULES = YES;
				CLANG_ENABLE_OBJC_ARC = YES;
				CLANG_ENABLE_OBJC_WEAK = YES;
				CLANG_WARN_BLOCK_CAPTURE_AUTORELEASING = YES;
				CLANG_WARN_BOOL_CONVERSION = YES;
				CLANG_WARN_COMMA = YES;
				CLANG_WARN_CONSTANT_CONVERSION = YES;
				CLANG_WARN_DEPRECATED_OBJC_IMPLEMENTATIONS = YES;
				CLANG_WARN_DIRECT_OBJC_ISA_USAGE = YES_ERROR;
				CLANG_WARN_DOCUMENTATION_COMMENTS = YES;
				CLANG_WARN_EMPTY_BODY = YES;
				CLANG_WARN_ENUM_CONVERSION = YES;
				CLANG_WARN_INFINITE_RECURSION = YES;
				CLANG_WARN_INT_CONVERSION = YES;
				CLANG_WARN_NON_LITERAL_NULL_CONVERSION = YES;
				CLANG_WARN_OBJC_IMPLICIT_RETAIN_SELF = YES;
				CLANG_WARN_OBJC_LITERAL_CONVERSION = YES;
				CLANG_WARN_OBJC_ROOT_CLASS = YES_ERROR;
				CLANG_WARN_QUOTED_INCLUDE_IN_FRAMEWORK_HEADER = YES;
				CLANG_WARN_RANGE_LOOP_ANALYSIS = YES;
				CLANG_WARN_STRICT_PROTOTYPES = YES;
				CLANG_WARN_SUSPICIOUS_MOVE = YES;
				CLANG_WARN_UNGUARDED_AVAILABILITY = YES_AGGRESSIVE;
				CLANG_WARN_UNREACHABLE_CODE = YES;
				CLANG_WARN__DUPLICATE_METHOD_MATCH = YES;
				COPY_PHASE_STRIP = NO;
				DEBUG_INFORMATION_FORMAT = "dwarf-with-dsym";
				ENABLE_NS_ASSERTIONS = NO;
				ENABLE_STRICT_OBJC_MSGSEND = YES;
				GCC_C_LANGUAGE_STANDARD = gnu11;
				GCC_NO_COMMON_BLOCKS = YES;
				GCC_WARN_64_TO_32_BIT_CONVERSION = YES;
				GCC_WARN_ABOUT_RETURN_TYPE = YES_ERROR;
				GCC_WARN_UNDECLARED_SELECTOR = YES;
				GCC_WARN_UNINITIALIZED_AUTOS = YES_AGGRESSIVE;
				GCC_WARN_UNUSED_FUNCTION = YES;
				GCC_WARN_UNUSED_VARIABLE = YES;
				IPHONEOS_DEPLOYMENT_TARGET = 15.5;
				MTL_ENABLE_DEBUG_INFO = NO;
				MTL_FAST_MATH = YES;
				SDKROOT = iphoneos;
				SWIFT_COMPILATION_MODE = wholemodule;
				SWIFT_OPTIMIZATION_LEVEL = "-O";
				VALIDATE_PRODUCT = YES;
			};
			name = Release;
		};
		E3DD129828FA67C500BFC595 /* Debug */ = {
			isa = XCBuildConfiguration;
			baseConfigurationReference = 494624BE7741180DACF6F142 /* Pods-Instagram.debug.xcconfig */;
			buildSettings = {
				ASSETCATALOG_COMPILER_APPICON_NAME = AppIcon;
				ASSETCATALOG_COMPILER_GLOBAL_ACCENT_COLOR_NAME = AccentColor;
				CODE_SIGN_STYLE = Automatic;
				CURRENT_PROJECT_VERSION = 1;
				DEVELOPMENT_TEAM = VXDTQCH54P;
				GENERATE_INFOPLIST_FILE = YES;
				INFOPLIST_FILE = Instagram/Info.plist;
				INFOPLIST_KEY_UIApplicationSupportsIndirectInputEvents = YES;
				INFOPLIST_KEY_UILaunchStoryboardName = LaunchScreen;
				INFOPLIST_KEY_UIMainStoryboardFile = Main;
				INFOPLIST_KEY_UISupportedInterfaceOrientations_iPad = "UIInterfaceOrientationPortrait UIInterfaceOrientationPortraitUpsideDown UIInterfaceOrientationLandscapeLeft UIInterfaceOrientationLandscapeRight";
				INFOPLIST_KEY_UISupportedInterfaceOrientations_iPhone = "UIInterfaceOrientationPortrait UIInterfaceOrientationLandscapeLeft UIInterfaceOrientationLandscapeRight";
				LD_RUNPATH_SEARCH_PATHS = (
					"$(inherited)",
					"@executable_path/Frameworks",
				);
				MARKETING_VERSION = 1.0;
				PRODUCT_BUNDLE_IDENTIFIER = com.codepath.Instagram;
				PRODUCT_NAME = "$(TARGET_NAME)";
				SWIFT_EMIT_LOC_STRINGS = YES;
				SWIFT_VERSION = 5.0;
				TARGETED_DEVICE_FAMILY = "1,2";
			};
			name = Debug;
		};
		E3DD129928FA67C500BFC595 /* Release */ = {
			isa = XCBuildConfiguration;
			baseConfigurationReference = 397FAE92FDAE99D2518F58ED /* Pods-Instagram.release.xcconfig */;
			buildSettings = {
				ASSETCATALOG_COMPILER_APPICON_NAME = AppIcon;
				ASSETCATALOG_COMPILER_GLOBAL_ACCENT_COLOR_NAME = AccentColor;
				CODE_SIGN_STYLE = Automatic;
				CURRENT_PROJECT_VERSION = 1;
				DEVELOPMENT_TEAM = VXDTQCH54P;
				GENERATE_INFOPLIST_FILE = YES;
				INFOPLIST_FILE = Instagram/Info.plist;
				INFOPLIST_KEY_UIApplicationSupportsIndirectInputEvents = YES;
				INFOPLIST_KEY_UILaunchStoryboardName = LaunchScreen;
				INFOPLIST_KEY_UIMainStoryboardFile = Main;
				INFOPLIST_KEY_UISupportedInterfaceOrientations_iPad = "UIInterfaceOrientationPortrait UIInterfaceOrientationPortraitUpsideDown UIInterfaceOrientationLandscapeLeft UIInterfaceOrientationLandscapeRight";
				INFOPLIST_KEY_UISupportedInterfaceOrientations_iPhone = "UIInterfaceOrientationPortrait UIInterfaceOrientationLandscapeLeft UIInterfaceOrientationLandscapeRight";
				LD_RUNPATH_SEARCH_PATHS = (
					"$(inherited)",
					"@executable_path/Frameworks",
				);
				MARKETING_VERSION = 1.0;
				PRODUCT_BUNDLE_IDENTIFIER = com.codepath.Instagram;
				PRODUCT_NAME = "$(TARGET_NAME)";
				SWIFT_EMIT_LOC_STRINGS = YES;
				SWIFT_VERSION = 5.0;
				TARGETED_DEVICE_FAMILY = "1,2";
			};
			name = Release;
		};
		E3DD129B28FA67C500BFC595 /* Debug */ = {
			isa = XCBuildConfiguration;
			buildSettings = {
				ALWAYS_EMBED_SWIFT_STANDARD_LIBRARIES = YES;
				BUNDLE_LOADER = "$(TEST_HOST)";
				CODE_SIGN_STYLE = Automatic;
				CURRENT_PROJECT_VERSION = 1;
				DEVELOPMENT_TEAM = VXDTQCH54P;
				GENERATE_INFOPLIST_FILE = YES;
				IPHONEOS_DEPLOYMENT_TARGET = 15.5;
				MARKETING_VERSION = 1.0;
				PRODUCT_BUNDLE_IDENTIFIER = com.codepath.InstagramTests;
				PRODUCT_NAME = "$(TARGET_NAME)";
				SWIFT_EMIT_LOC_STRINGS = NO;
				SWIFT_VERSION = 5.0;
				TARGETED_DEVICE_FAMILY = "1,2";
				TEST_HOST = "$(BUILT_PRODUCTS_DIR)/Instagram.app/Instagram";
			};
			name = Debug;
		};
		E3DD129C28FA67C500BFC595 /* Release */ = {
			isa = XCBuildConfiguration;
			buildSettings = {
				ALWAYS_EMBED_SWIFT_STANDARD_LIBRARIES = YES;
				BUNDLE_LOADER = "$(TEST_HOST)";
				CODE_SIGN_STYLE = Automatic;
				CURRENT_PROJECT_VERSION = 1;
				DEVELOPMENT_TEAM = VXDTQCH54P;
				GENERATE_INFOPLIST_FILE = YES;
				IPHONEOS_DEPLOYMENT_TARGET = 15.5;
				MARKETING_VERSION = 1.0;
				PRODUCT_BUNDLE_IDENTIFIER = com.codepath.InstagramTests;
				PRODUCT_NAME = "$(TARGET_NAME)";
				SWIFT_EMIT_LOC_STRINGS = NO;
				SWIFT_VERSION = 5.0;
				TARGETED_DEVICE_FAMILY = "1,2";
				TEST_HOST = "$(BUILT_PRODUCTS_DIR)/Instagram.app/Instagram";
			};
			name = Release;
		};
		E3DD129E28FA67C500BFC595 /* Debug */ = {
			isa = XCBuildConfiguration;
			buildSettings = {
				ALWAYS_EMBED_SWIFT_STANDARD_LIBRARIES = YES;
				CODE_SIGN_STYLE = Automatic;
				CURRENT_PROJECT_VERSION = 1;
				DEVELOPMENT_TEAM = VXDTQCH54P;
				GENERATE_INFOPLIST_FILE = YES;
				MARKETING_VERSION = 1.0;
				PRODUCT_BUNDLE_IDENTIFIER = com.codepath.InstagramUITests;
				PRODUCT_NAME = "$(TARGET_NAME)";
				SWIFT_EMIT_LOC_STRINGS = NO;
				SWIFT_VERSION = 5.0;
				TARGETED_DEVICE_FAMILY = "1,2";
				TEST_TARGET_NAME = Instagram;
			};
			name = Debug;
		};
		E3DD129F28FA67C500BFC595 /* Release */ = {
			isa = XCBuildConfiguration;
			buildSettings = {
				ALWAYS_EMBED_SWIFT_STANDARD_LIBRARIES = YES;
				CODE_SIGN_STYLE = Automatic;
				CURRENT_PROJECT_VERSION = 1;
				DEVELOPMENT_TEAM = VXDTQCH54P;
				GENERATE_INFOPLIST_FILE = YES;
				MARKETING_VERSION = 1.0;
				PRODUCT_BUNDLE_IDENTIFIER = com.codepath.InstagramUITests;
				PRODUCT_NAME = "$(TARGET_NAME)";
				SWIFT_EMIT_LOC_STRINGS = NO;
				SWIFT_VERSION = 5.0;
				TARGETED_DEVICE_FAMILY = "1,2";
				TEST_TARGET_NAME = Instagram;
			};
			name = Release;
		};
/* End XCBuildConfiguration section */

/* Begin XCConfigurationList section */
		E3DD126828FA67B800BFC595 /* Build configuration list for PBXProject "Instagram" */ = {
			isa = XCConfigurationList;
			buildConfigurations = (
				E3DD129528FA67C500BFC595 /* Debug */,
				E3DD129628FA67C500BFC595 /* Release */,
			);
			defaultConfigurationIsVisible = 0;
			defaultConfigurationName = Release;
		};
		E3DD129728FA67C500BFC595 /* Build configuration list for PBXNativeTarget "Instagram" */ = {
			isa = XCConfigurationList;
			buildConfigurations = (
				E3DD129828FA67C500BFC595 /* Debug */,
				E3DD129928FA67C500BFC595 /* Release */,
			);
			defaultConfigurationIsVisible = 0;
			defaultConfigurationName = Release;
		};
		E3DD129A28FA67C500BFC595 /* Build configuration list for PBXNativeTarget "InstagramTests" */ = {
			isa = XCConfigurationList;
			buildConfigurations = (
				E3DD129B28FA67C500BFC595 /* Debug */,
				E3DD129C28FA67C500BFC595 /* Release */,
			);
			defaultConfigurationIsVisible = 0;
			defaultConfigurationName = Release;
		};
		E3DD129D28FA67C500BFC595 /* Build configuration list for PBXNativeTarget "InstagramUITests" */ = {
			isa = XCConfigurationList;
			buildConfigurations = (
				E3DD129E28FA67C500BFC595 /* Debug */,
				E3DD129F28FA67C500BFC595 /* Release */,
			);
			defaultConfigurationIsVisible = 0;
			defaultConfigurationName = Release;
		};
/* End XCConfigurationList section */
	};
	rootObject = E3DD126528FA67B800BFC595 /* Project object */;
}
